version = 1
revision = 3
requires-python = "==3.11.*"

[[package]]
name = "altgraph"
version = "0.17.4"
source = { registry = "https://pypi.org/simple" }
sdist = { url = "https://files.pythonhosted.org/packages/de/a8/7145824cf0b9e3c28046520480f207df47e927df83aa9555fb47f8505922/altgraph-0.17.4.tar.gz", hash = "sha256:1b5afbb98f6c4dcadb2e2ae6ab9fa994bbb8c1d75f4fa96d340f9437ae454406", size = 48418, upload-time = "2023-09-25T09:04:52.164Z" }
wheels = [
    { url = "https://files.pythonhosted.org/packages/4d/3f/3bc3f1d83f6e4a7fcb834d3720544ca597590425be5ba9db032b2bf322a2/altgraph-0.17.4-py2.py3-none-any.whl", hash = "sha256:642743b4750de17e655e6711601b077bc6598dbfa3ba5fa2b2a35ce12b508dff", size = 21212, upload-time = "2023-09-25T09:04:50.691Z" },
]

[[package]]
name = "alvar"
version = "0.1.2"
source = { registry = "https://pypi.org/simple" }
dependencies = [
    { name = "numpy" },
]
sdist = { url = "https://files.pythonhosted.org/packages/36/fa/2e032461df744fdd8e8d8e6159e12d27bc3ae816e620566d7201b5388849/alvar-0.1.2.tar.gz", hash = "sha256:51ec8a2cfd9778f0adf62b2709bb1200a27a87ae7792d4dbc831093f8b9751e9", size = 1774, upload-time = "2023-10-12T10:40:50.518Z" }

[[package]]
name = "certifi"
version = "2025.1.31"
source = { registry = "https://pypi.org/simple" }
sdist = { url = "https://files.pythonhosted.org/packages/1c/ab/c9f1e32b7b1bf505bf26f0ef697775960db7932abeb7b516de930ba2705f/certifi-2025.1.31.tar.gz", hash = "sha256:3d5da6925056f6f18f119200434a4780a94263f10d1c21d032a6f6b2baa20651", size = 167577, upload-time = "2025-01-31T02:16:47.166Z" }
wheels = [
    { url = "https://files.pythonhosted.org/packages/38/fc/bce832fd4fd99766c04d1ee0eead6b0ec6486fb100ae5e74c1d91292b982/certifi-2025.1.31-py3-none-any.whl", hash = "sha256:ca78db4565a652026a4db2bcdf68f2fb589ea80d0be70e03929ed730746b84fe", size = 166393, upload-time = "2025-01-31T02:16:45.015Z" },
]

[[package]]
name = "charset-normalizer"
version = "3.4.1"
source = { registry = "https://pypi.org/simple" }
sdist = { url = "https://files.pythonhosted.org/packages/16/b0/572805e227f01586461c80e0fd25d65a2115599cc9dad142fee4b747c357/charset_normalizer-3.4.1.tar.gz", hash = "sha256:44251f18cd68a75b56585dd00dae26183e102cd5e0f9f1466e6df5da2ed64ea3", size = 123188, upload-time = "2024-12-24T18:12:35.43Z" }
wheels = [
    { url = "https://files.pythonhosted.org/packages/72/80/41ef5d5a7935d2d3a773e3eaebf0a9350542f2cab4eac59a7a4741fbbbbe/charset_normalizer-3.4.1-cp311-cp311-macosx_10_9_universal2.whl", hash = "sha256:8bfa33f4f2672964266e940dd22a195989ba31669bd84629f05fab3ef4e2d125", size = 194995, upload-time = "2024-12-24T18:10:12.838Z" },
    { url = "https://files.pythonhosted.org/packages/7a/28/0b9fefa7b8b080ec492110af6d88aa3dea91c464b17d53474b6e9ba5d2c5/charset_normalizer-3.4.1-cp311-cp311-manylinux_2_17_aarch64.manylinux2014_aarch64.whl", hash = "sha256:28bf57629c75e810b6ae989f03c0828d64d6b26a5e205535585f96093e405ed1", size = 139471, upload-time = "2024-12-24T18:10:14.101Z" },
    { url = "https://files.pythonhosted.org/packages/71/64/d24ab1a997efb06402e3fc07317e94da358e2585165930d9d59ad45fcae2/charset_normalizer-3.4.1-cp311-cp311-manylinux_2_17_ppc64le.manylinux2014_ppc64le.whl", hash = "sha256:f08ff5e948271dc7e18a35641d2f11a4cd8dfd5634f55228b691e62b37125eb3", size = 149831, upload-time = "2024-12-24T18:10:15.512Z" },
    { url = "https://files.pythonhosted.org/packages/37/ed/be39e5258e198655240db5e19e0b11379163ad7070962d6b0c87ed2c4d39/charset_normalizer-3.4.1-cp311-cp311-manylinux_2_17_s390x.manylinux2014_s390x.whl", hash = "sha256:234ac59ea147c59ee4da87a0c0f098e9c8d169f4dc2a159ef720f1a61bbe27cd", size = 142335, upload-time = "2024-12-24T18:10:18.369Z" },
    { url = "https://files.pythonhosted.org/packages/88/83/489e9504711fa05d8dde1574996408026bdbdbd938f23be67deebb5eca92/charset_normalizer-3.4.1-cp311-cp311-manylinux_2_17_x86_64.manylinux2014_x86_64.whl", hash = "sha256:fd4ec41f914fa74ad1b8304bbc634b3de73d2a0889bd32076342a573e0779e00", size = 143862, upload-time = "2024-12-24T18:10:19.743Z" },
    { url = "https://files.pythonhosted.org/packages/c6/c7/32da20821cf387b759ad24627a9aca289d2822de929b8a41b6241767b461/charset_normalizer-3.4.1-cp311-cp311-manylinux_2_5_i686.manylinux1_i686.manylinux_2_17_i686.manylinux2014_i686.whl", hash = "sha256:eea6ee1db730b3483adf394ea72f808b6e18cf3cb6454b4d86e04fa8c4327a12", size = 145673, upload-time = "2024-12-24T18:10:21.139Z" },
    { url = "https://files.pythonhosted.org/packages/68/85/f4288e96039abdd5aeb5c546fa20a37b50da71b5cf01e75e87f16cd43304/charset_normalizer-3.4.1-cp311-cp311-musllinux_1_2_aarch64.whl", hash = "sha256:c96836c97b1238e9c9e3fe90844c947d5afbf4f4c92762679acfe19927d81d77", size = 140211, upload-time = "2024-12-24T18:10:22.382Z" },
    { url = "https://files.pythonhosted.org/packages/28/a3/a42e70d03cbdabc18997baf4f0227c73591a08041c149e710045c281f97b/charset_normalizer-3.4.1-cp311-cp311-musllinux_1_2_i686.whl", hash = "sha256:4d86f7aff21ee58f26dcf5ae81a9addbd914115cdebcbb2217e4f0ed8982e146", size = 148039, upload-time = "2024-12-24T18:10:24.802Z" },
    { url = "https://files.pythonhosted.org/packages/85/e4/65699e8ab3014ecbe6f5c71d1a55d810fb716bbfd74f6283d5c2aa87febf/charset_normalizer-3.4.1-cp311-cp311-musllinux_1_2_ppc64le.whl", hash = "sha256:09b5e6733cbd160dcc09589227187e242a30a49ca5cefa5a7edd3f9d19ed53fd", size = 151939, upload-time = "2024-12-24T18:10:26.124Z" },
    { url = "https://files.pythonhosted.org/packages/b1/82/8e9fe624cc5374193de6860aba3ea8070f584c8565ee77c168ec13274bd2/charset_normalizer-3.4.1-cp311-cp311-musllinux_1_2_s390x.whl", hash = "sha256:5777ee0881f9499ed0f71cc82cf873d9a0ca8af166dfa0af8ec4e675b7df48e6", size = 149075, upload-time = "2024-12-24T18:10:30.027Z" },
    { url = "https://files.pythonhosted.org/packages/3d/7b/82865ba54c765560c8433f65e8acb9217cb839a9e32b42af4aa8e945870f/charset_normalizer-3.4.1-cp311-cp311-musllinux_1_2_x86_64.whl", hash = "sha256:237bdbe6159cff53b4f24f397d43c6336c6b0b42affbe857970cefbb620911c8", size = 144340, upload-time = "2024-12-24T18:10:32.679Z" },
    { url = "https://files.pythonhosted.org/packages/b5/b6/9674a4b7d4d99a0d2df9b215da766ee682718f88055751e1e5e753c82db0/charset_normalizer-3.4.1-cp311-cp311-win32.whl", hash = "sha256:8417cb1f36cc0bc7eaba8ccb0e04d55f0ee52df06df3ad55259b9a323555fc8b", size = 95205, upload-time = "2024-12-24T18:10:34.724Z" },
    { url = "https://files.pythonhosted.org/packages/1e/ab/45b180e175de4402dcf7547e4fb617283bae54ce35c27930a6f35b6bef15/charset_normalizer-3.4.1-cp311-cp311-win_amd64.whl", hash = "sha256:d7f50a1f8c450f3925cb367d011448c39239bb3eb4117c36a6d354794de4ce76", size = 102441, upload-time = "2024-12-24T18:10:37.574Z" },
    { url = "https://files.pythonhosted.org/packages/0e/f6/65ecc6878a89bb1c23a086ea335ad4bf21a588990c3f535a227b9eea9108/charset_normalizer-3.4.1-py3-none-any.whl", hash = "sha256:d98b1668f06378c6dbefec3b92299716b931cd4e6061f3c875a71ced1780ab85", size = 49767, upload-time = "2024-12-24T18:12:32.852Z" },
]

[[package]]
name = "idna"
version = "3.10"
source = { registry = "https://pypi.org/simple" }
sdist = { url = "https://files.pythonhosted.org/packages/f1/70/7703c29685631f5a7590aa73f1f1d3fa9a380e654b86af429e0934a32f7d/idna-3.10.tar.gz", hash = "sha256:12f65c9b470abda6dc35cf8e63cc574b1c52b11df2c86030af0ac09b01b13ea9", size = 190490, upload-time = "2024-09-15T18:07:39.745Z" }
wheels = [
    { url = "https://files.pythonhosted.org/packages/76/c6/c88e154df9c4e1a2a66ccf0005a88dfb2650c1dffb6f5ce603dfbd452ce3/idna-3.10-py3-none-any.whl", hash = "sha256:946d195a0d259cbba61165e88e65941f16e9b36ea6ddb97f00452bae8b1287d3", size = 70442, upload-time = "2024-09-15T18:07:37.964Z" },
]

[[package]]
name = "macholib"
version = "1.16.4"
source = { registry = "https://pypi.org/simple" }
dependencies = [
    { name = "altgraph" },
]
sdist = { url = "https://files.pythonhosted.org/packages/10/2f/97589876ea967487978071c9042518d28b958d87b17dceb7cdc1d881f963/macholib-1.16.4.tar.gz", hash = "sha256:f408c93ab2e995cd2c46e34fe328b130404be143469e41bc366c807448979362", size = 59427, upload-time = "2025-11-22T08:28:38.373Z" }
wheels = [
    { url = "https://files.pythonhosted.org/packages/c7/d1/a9f36f8ecdf0fb7c9b1e78c8d7af12b8c8754e74851ac7b94a8305540fc7/macholib-1.16.4-py2.py3-none-any.whl", hash = "sha256:da1a3fa8266e30f0ce7e97c6a54eefaae8edd1e5f86f3eb8b95457cae90265ea", size = 38117, upload-time = "2025-11-22T08:28:36.939Z" },
]

[[package]]
name = "numpy"
version = "1.26.4"
source = { registry = "https://pypi.org/simple" }
sdist = { url = "https://files.pythonhosted.org/packages/65/6e/09db70a523a96d25e115e71cc56a6f9031e7b8cd166c1ac8438307c14058/numpy-1.26.4.tar.gz", hash = "sha256:2a02aba9ed12e4ac4eb3ea9421c420301a0c6460d9830d74a9df87efa4912010", size = 15786129, upload-time = "2024-02-06T00:26:44.495Z" }
wheels = [
    { url = "https://files.pythonhosted.org/packages/11/57/baae43d14fe163fa0e4c47f307b6b2511ab8d7d30177c491960504252053/numpy-1.26.4-cp311-cp311-macosx_10_9_x86_64.whl", hash = "sha256:4c66707fabe114439db9068ee468c26bbdf909cac0fb58686a42a24de1760c71", size = 20630554, upload-time = "2024-02-05T23:51:50.149Z" },
    { url = "https://files.pythonhosted.org/packages/1a/2e/151484f49fd03944c4a3ad9c418ed193cfd02724e138ac8a9505d056c582/numpy-1.26.4-cp311-cp311-macosx_11_0_arm64.whl", hash = "sha256:edd8b5fe47dab091176d21bb6de568acdd906d1887a4584a15a9a96a1dca06ef", size = 13997127, upload-time = "2024-02-05T23:52:15.314Z" },
    { url = "https://files.pythonhosted.org/packages/79/ae/7e5b85136806f9dadf4878bf73cf223fe5c2636818ba3ab1c585d0403164/numpy-1.26.4-cp311-cp311-manylinux_2_17_aarch64.manylinux2014_aarch64.whl", hash = "sha256:7ab55401287bfec946ced39700c053796e7cc0e3acbef09993a9ad2adba6ca6e", size = 14222994, upload-time = "2024-02-05T23:52:47.569Z" },
    { url = "https://files.pythonhosted.org/packages/3a/d0/edc009c27b406c4f9cbc79274d6e46d634d139075492ad055e3d68445925/numpy-1.26.4-cp311-cp311-manylinux_2_17_x86_64.manylinux2014_x86_64.whl", hash = "sha256:666dbfb6ec68962c033a450943ded891bed2d54e6755e35e5835d63f4f6931d5", size = 18252005, upload-time = "2024-02-05T23:53:15.637Z" },
    { url = "https://files.pythonhosted.org/packages/09/bf/2b1aaf8f525f2923ff6cfcf134ae5e750e279ac65ebf386c75a0cf6da06a/numpy-1.26.4-cp311-cp311-musllinux_1_1_aarch64.whl", hash = "sha256:96ff0b2ad353d8f990b63294c8986f1ec3cb19d749234014f4e7eb0112ceba5a", size = 13885297, upload-time = "2024-02-05T23:53:42.16Z" },
    { url = "https://files.pythonhosted.org/packages/df/a0/4e0f14d847cfc2a633a1c8621d00724f3206cfeddeb66d35698c4e2cf3d2/numpy-1.26.4-cp311-cp311-musllinux_1_1_x86_64.whl", hash = "sha256:60dedbb91afcbfdc9bc0b1f3f402804070deed7392c23eb7a7f07fa857868e8a", size = 18093567, upload-time = "2024-02-05T23:54:11.696Z" },
    { url = "https://files.pythonhosted.org/packages/d2/b7/a734c733286e10a7f1a8ad1ae8c90f2d33bf604a96548e0a4a3a6739b468/numpy-1.26.4-cp311-cp311-win32.whl", hash = "sha256:1af303d6b2210eb850fcf03064d364652b7120803a0b872f5211f5234b399f20", size = 5968812, upload-time = "2024-02-05T23:54:26.453Z" },
    { url = "https://files.pythonhosted.org/packages/3f/6b/5610004206cf7f8e7ad91c5a85a8c71b2f2f8051a0c0c4d5916b76d6cbb2/numpy-1.26.4-cp311-cp311-win_amd64.whl", hash = "sha256:cd25bcecc4974d09257ffcd1f098ee778f7834c3ad767fe5db785be9a4aa9cb2", size = 15811913, upload-time = "2024-02-05T23:54:53.933Z" },
]

[[package]]
name = "packaging"
version = "24.2"
source = { registry = "https://pypi.org/simple" }
sdist = { url = "https://files.pythonhosted.org/packages/d0/63/68dbb6eb2de9cb10ee4c9c14a0148804425e13c4fb20d61cce69f53106da/packaging-24.2.tar.gz", hash = "sha256:c228a6dc5e932d346bc5739379109d49e8853dd8223571c7c5b55260edc0b97f", size = 163950, upload-time = "2024-11-08T09:47:47.202Z" }
wheels = [
    { url = "https://files.pythonhosted.org/packages/88/ef/eb23f262cca3c0c4eb7ab1933c3b1f03d021f2c48f54763065b6f0e321be/packaging-24.2-py3-none-any.whl", hash = "sha256:09abb1bccd265c01f4a3aa3f7a7db064b36514d2cba19a2f694fe6150451a759", size = 65451, upload-time = "2024-11-08T09:47:44.722Z" },
]

[[package]]
name = "pefile"
version = "2023.2.7"
source = { registry = "https://pypi.org/simple" }
sdist = { url = "https://files.pythonhosted.org/packages/78/c5/3b3c62223f72e2360737fd2a57c30e5b2adecd85e70276879609a7403334/pefile-2023.2.7.tar.gz", hash = "sha256:82e6114004b3d6911c77c3953e3838654b04511b8b66e8583db70c65998017dc", size = 74854, upload-time = "2023-02-07T12:23:55.958Z" }
wheels = [
    { url = "https://files.pythonhosted.org/packages/55/26/d0ad8b448476d0a1e8d3ea5622dc77b916db84c6aa3cb1e1c0965af948fc/pefile-2023.2.7-py3-none-any.whl", hash = "sha256:da185cd2af68c08a6cd4481f7325ed600a88f6a813bad9dea07ab3ef73d8d8d6", size = 71791, upload-time = "2023-02-07T12:28:36.678Z" },
]

[[package]]
name = "pillow"
version = "11.1.0"
source = { registry = "https://pypi.org/simple" }
sdist = { url = "https://files.pythonhosted.org/packages/f3/af/c097e544e7bd278333db77933e535098c259609c4eb3b85381109602fb5b/pillow-11.1.0.tar.gz", hash = "sha256:368da70808b36d73b4b390a8ffac11069f8a5c85f29eff1f1b01bcf3ef5b2a20", size = 46742715, upload-time = "2025-01-02T08:13:58.407Z" }
wheels = [
    { url = "https://files.pythonhosted.org/packages/dd/d6/2000bfd8d5414fb70cbbe52c8332f2283ff30ed66a9cde42716c8ecbe22c/pillow-11.1.0-cp311-cp311-macosx_10_10_x86_64.whl", hash = "sha256:e06695e0326d05b06833b40b7ef477e475d0b1ba3a6d27da1bb48c23209bf457", size = 3229968, upload-time = "2025-01-02T08:10:48.172Z" },
    { url = "https://files.pythonhosted.org/packages/d9/45/3fe487010dd9ce0a06adf9b8ff4f273cc0a44536e234b0fad3532a42c15b/pillow-11.1.0-cp311-cp311-macosx_11_0_arm64.whl", hash = "sha256:96f82000e12f23e4f29346e42702b6ed9a2f2fea34a740dd5ffffcc8c539eb35", size = 3101806, upload-time = "2025-01-02T08:10:50.981Z" },
    { url = "https://files.pythonhosted.org/packages/e3/72/776b3629c47d9d5f1c160113158a7a7ad177688d3a1159cd3b62ded5a33a/pillow-11.1.0-cp311-cp311-manylinux_2_17_aarch64.manylinux2014_aarch64.whl", hash = "sha256:a3cd561ded2cf2bbae44d4605837221b987c216cff94f49dfeed63488bb228d2", size = 4322283, upload-time = "2025-01-02T08:10:54.724Z" },
    { url = "https://files.pythonhosted.org/packages/e4/c2/e25199e7e4e71d64eeb869f5b72c7ddec70e0a87926398785ab944d92375/pillow-11.1.0-cp311-cp311-manylinux_2_17_x86_64.manylinux2014_x86_64.whl", hash = "sha256:f189805c8be5ca5add39e6f899e6ce2ed824e65fb45f3c28cb2841911da19070", size = 4402945, upload-time = "2025-01-02T08:10:57.376Z" },
    { url = "https://files.pythonhosted.org/packages/c1/ed/51d6136c9d5911f78632b1b86c45241c712c5a80ed7fa7f9120a5dff1eba/pillow-11.1.0-cp311-cp311-manylinux_2_28_aarch64.whl", hash = "sha256:dd0052e9db3474df30433f83a71b9b23bd9e4ef1de13d92df21a52c0303b8ab6", size = 4361228, upload-time = "2025-01-02T08:11:02.374Z" },
    { url = "https://files.pythonhosted.org/packages/48/a4/fbfe9d5581d7b111b28f1d8c2762dee92e9821bb209af9fa83c940e507a0/pillow-11.1.0-cp311-cp311-manylinux_2_28_x86_64.whl", hash = "sha256:837060a8599b8f5d402e97197d4924f05a2e0d68756998345c829c33186217b1", size = 4484021, upload-time = "2025-01-02T08:11:04.431Z" },
    { url = "https://files.pythonhosted.org/packages/39/db/0b3c1a5018117f3c1d4df671fb8e47d08937f27519e8614bbe86153b65a5/pillow-11.1.0-cp311-cp311-musllinux_1_2_aarch64.whl", hash = "sha256:aa8dd43daa836b9a8128dbe7d923423e5ad86f50a7a14dc688194b7be5c0dea2", size = 4287449, upload-time = "2025-01-02T08:11:07.412Z" },
    { url = "https://files.pythonhosted.org/packages/d9/58/bc128da7fea8c89fc85e09f773c4901e95b5936000e6f303222490c052f3/pillow-11.1.0-cp311-cp311-musllinux_1_2_x86_64.whl", hash = "sha256:0a2f91f8a8b367e7a57c6e91cd25af510168091fb89ec5146003e424e1558a96", size = 4419972, upload-time = "2025-01-02T08:11:09.508Z" },
    { url = "https://files.pythonhosted.org/packages/5f/bb/58f34379bde9fe197f51841c5bbe8830c28bbb6d3801f16a83b8f2ad37df/pillow-11.1.0-cp311-cp311-win32.whl", hash = "sha256:c12fc111ef090845de2bb15009372175d76ac99969bdf31e2ce9b42e4b8cd88f", size = 2291201, upload-time = "2025-01-02T08:11:13.056Z" },
    { url = "https://files.pythonhosted.org/packages/3a/c6/fce9255272bcf0c39e15abd2f8fd8429a954cf344469eaceb9d0d1366913/pillow-11.1.0-cp311-cp311-win_amd64.whl", hash = "sha256:fbd43429d0d7ed6533b25fc993861b8fd512c42d04514a0dd6337fb3ccf22761", size = 2625686, upload-time = "2025-01-02T08:11:16.547Z" },
    { url = "https://files.pythonhosted.org/packages/c8/52/8ba066d569d932365509054859f74f2a9abee273edcef5cd75e4bc3e831e/pillow-11.1.0-cp311-cp311-win_arm64.whl", hash = "sha256:f7955ecf5609dee9442cbface754f2c6e541d9e6eda87fad7f7a989b0bdb9d71", size = 2375194, upload-time = "2025-01-02T08:11:19.897Z" },
]

[[package]]
name = "pyinstaller"
version = "6.12.0"
source = { registry = "https://pypi.org/simple" }
dependencies = [
    { name = "altgraph" },
    { name = "macholib", marker = "sys_platform == 'darwin'" },
    { name = "packaging" },
    { name = "pefile", marker = "sys_platform == 'win32'" },
    { name = "pyinstaller-hooks-contrib" },
    { name = "pywin32-ctypes", marker = "sys_platform == 'win32'" },
    { name = "setuptools" },
]
sdist = { url = "https://files.pythonhosted.org/packages/10/c0/001e86a13f9f6104613f198721c72d377fa1fc2a09550cfe1ac9a1d12406/pyinstaller-6.12.0.tar.gz", hash = "sha256:1834797be48ce1b26015af68bdeb3c61a6c7500136f04e0fc65e468115dec777", size = 4267132, upload-time = "2025-02-08T22:19:18.933Z" }
wheels = [
    { url = "https://files.pythonhosted.org/packages/b2/73/b897a3fda99a14130111abdb978d63da14cbc9932497b5e5064c5fe28187/pyinstaller-6.12.0-py3-none-macosx_10_13_universal2.whl", hash = "sha256:68f1e4cecf88a6272063977fa2a2c69ad37cf568e5901769d7206d0314c74f47", size = 997954, upload-time = "2025-02-08T22:18:09.438Z" },
    { url = "https://files.pythonhosted.org/packages/4a/bc/0929ed6aca3c5ff3f20f8cfd4f2f7e90f18c9465440e0d151d56d8170851/pyinstaller-6.12.0-py3-none-manylinux2014_aarch64.whl", hash = "sha256:fea76fc9b55ffa730fcf90beb897cce4399938460b0b6f40507fbebfc752c753", size = 714097, upload-time = "2025-02-08T22:18:14.476Z" },
    { url = "https://files.pythonhosted.org/packages/e1/9a/422d5eb04132e4a4735ca9099a53511324ff7d387b80231fe8dbd67bf322/pyinstaller-6.12.0-py3-none-manylinux2014_i686.whl", hash = "sha256:dac8a27988dbc33cdc34f2046803258bc3f6829de24de52745a5daa22bdba0f1", size = 724471, upload-time = "2025-02-08T22:18:19.117Z" },
    { url = "https://files.pythonhosted.org/packages/64/1c/5028ba2e09f5b57f6792e9d88e888725224f8f016a07666e48664f6a9fcf/pyinstaller-6.12.0-py3-none-manylinux2014_ppc64le.whl", hash = "sha256:83c7f3bde9871b4a6aa71c66a96e8ba5c21668ce711ed97f510b9382d10aac6c", size = 722753, upload-time = "2025-02-08T22:18:23.173Z" },
    { url = "https://files.pythonhosted.org/packages/6f/d9/e7742caf4c4dc07d13e355ad2c14c7844c9bb2e66dea4f3386b4644bd106/pyinstaller-6.12.0-py3-none-manylinux2014_s390x.whl", hash = "sha256:a69818815c6e0711c727edc30680cb1f81c691b59de35db81a2d9e0ae26a9ef1", size = 720906, upload-time = "2025-02-08T22:18:27.881Z" },
    { url = "https://files.pythonhosted.org/packages/80/2b/14404f2dc95d1ec94d08879c62a76d5f26a176fab99fb023c2c70d2ff500/pyinstaller-6.12.0-py3-none-manylinux2014_x86_64.whl", hash = "sha256:a2abf5fde31a8b38b6df7939bcef8ac1d0c51e97e25317ce3555cd675259750f", size = 716959, upload-time = "2025-02-08T22:18:33.707Z" },
    { url = "https://files.pythonhosted.org/packages/11/a6/5c3a233cf19aa6d4caacf62f7ee1c728486cc20b73f5817be17485d7b7ff/pyinstaller-6.12.0-py3-none-musllinux_1_1_aarch64.whl", hash = "sha256:8e92e9873a616547bbabbb5a3a9843d5f2ab40c3d8b26810acdf0fe257bee4cf", size = 719414, upload-time = "2025-02-08T22:18:39.097Z" },
    { url = "https://files.pythonhosted.org/packages/24/57/069d35236806b281a3331ef00ff94e43f3b91e4b36350de8b40b4baf9fd3/pyinstaller-6.12.0-py3-none-musllinux_1_1_x86_64.whl", hash = "sha256:aefe502d55c9cf6aeaed7feba80b5f8491ce43f8f2b5fe2d9aadca3ee5a05bc4", size = 715903, upload-time = "2025-02-08T22:18:43.899Z" },
    { url = "https://files.pythonhosted.org/packages/4d/5f/857de8798836f9d16a620bd0a7c8899bba05b5fda7b3b4432762f148a86d/pyinstaller-6.12.0-py3-none-win32.whl", hash = "sha256:138856a5a503bb69c066377e0a22671b0db063e9cc14d5cf5c798a53561200d3", size = 1290980, upload-time = "2025-02-08T22:18:49.954Z" },
    { url = "https://files.pythonhosted.org/packages/99/6e/d7d76d4d15f6351f1f942256633b795eec3d6c691d985869df1bf319cd9d/pyinstaller-6.12.0-py3-none-win_amd64.whl", hash = "sha256:0e62d3906309248409f215b386f33afec845214e69cc0f296b93222b26a88f43", size = 1348786, upload-time = "2025-02-08T22:18:56.166Z" },
    { url = "https://files.pythonhosted.org/packages/47/c2/298ad6a3aa2cacb55cbc1f845068dc1e4a6c966082ffa0e19c69084cbc42/pyinstaller-6.12.0-py3-none-win_arm64.whl", hash = "sha256:0c271896a3a168f4f91827145702543db9c5427f4c7372a6df8c75925a3ac18a", size = 1289617, upload-time = "2025-02-08T22:19:02.162Z" },
]

[[package]]
name = "pyinstaller-hooks-contrib"
version = "2025.1"
source = { registry = "https://pypi.org/simple" }
dependencies = [
    { name = "packaging" },
    { name = "setuptools" },
]
sdist = { url = "https://files.pythonhosted.org/packages/2f/1b/dc256d42f4217db99b50d6d32dbbf841a41b9615506cde77d2345d94f4a5/pyinstaller_hooks_contrib-2025.1.tar.gz", hash = "sha256:130818f9e9a0a7f2261f1fd66054966a3a50c99d000981c5d1db11d3ad0c6ab2", size = 147043, upload-time = "2025-01-31T21:51:40.131Z" }
wheels = [
    { url = "https://files.pythonhosted.org/packages/b7/48/833d67a585275e395f351e5787b4b7a8d462d87bca22a8c038f6ffdc2b3c/pyinstaller_hooks_contrib-2025.1-py3-none-any.whl", hash = "sha256:d3c799470cbc0bda60dcc8e6b4ab976777532b77621337f2037f558905e3a8e9", size = 346409, upload-time = "2025-01-31T21:51:37.45Z" },
]

[[package]]
name = "pymodbus"
version = "3.8.6"
source = { registry = "https://pypi.org/simple" }
sdist = { url = "https://files.pythonhosted.org/packages/47/3a/a6958507d6f9c0c50f11cd299b056161c10f3cef7c227b44bc183a7e7854/pymodbus-3.8.6.tar.gz", hash = "sha256:7689b56cc3ad05a594e1486e772abb9d9646c01737935df492db04455680baf6", size = 162341, upload-time = "2025-02-10T11:53:24.596Z" }
wheels = [
    { url = "https://files.pythonhosted.org/packages/84/23/8f30f094b4a00428bd3c28dd3b6a2b3715164ab85520673e197bd4bba2e7/pymodbus-3.8.6-py3-none-any.whl", hash = "sha256:b82373295fb98c9a9bf9338235240a8b2e97bcc49c0d833168cade7ba2fa90e6", size = 164366, upload-time = "2025-02-10T11:53:22.384Z" },
]

[[package]]
name = "pyopengl"
version = "3.1.7"
source = { registry = "https://pypi.org/simple" }
sdist = { url = "https://files.pythonhosted.org/packages/72/b6/970868d44b619292f1f54501923c69c9bd0ab1d2d44cf02590eac2706f4f/PyOpenGL-3.1.7.tar.gz", hash = "sha256:eef31a3888e6984fd4d8e6c9961b184c9813ca82604d37fe3da80eb000a76c86", size = 1896446, upload-time = "2023-05-23T13:17:04.907Z" }
wheels = [
    { url = "https://files.pythonhosted.org/packages/99/48/00e31747821d3fc56faddd00a4725454d1e694a8b67d715cf20f531506a5/PyOpenGL-3.1.7-py3-none-any.whl", hash = "sha256:a6ab19cf290df6101aaf7470843a9c46207789855746399d0af92521a0a92b7a", size = 2416834, upload-time = "2023-05-23T13:17:01.293Z" },
]

[[package]]
name = "pyopengl-accelerate"
version = "3.1.7"
source = { registry = "https://pypi.org/simple" }
sdist = { url = "https://files.pythonhosted.org/packages/93/09/d08b3d07dbd88258276496a47273778f330f5ccf8390cb21b16b29d660de/PyOpenGL-accelerate-3.1.7.tar.gz", hash = "sha256:2b123621273a939f7fd2ec227541e399f9b5d4e815d69ae0bdb1b6c70a293680", size = 562094, upload-time = "2023-05-23T05:49:15.386Z" }
wheels = [
    { url = "https://files.pythonhosted.org/packages/86/56/dcbae824e7b6ed5193c674da9ccabe866bae775bed9594cb9cb9228e00af/PyOpenGL_accelerate-3.1.7-cp311-cp311-macosx_10_9_x86_64.whl", hash = "sha256:ad8e2d186878946e5c4896d1c241af6b5f8cd87433e46741d29c3fdea6eba2c5", size = 380889, upload-time = "2023-05-23T05:48:07.025Z" },
    { url = "https://files.pythonhosted.org/packages/d9/5f/4d88d6d8aa0277e087e9d2e821a2c92640158db2d82f0ebb2cdde63e1f0d/PyOpenGL_accelerate-3.1.7-cp311-cp311-manylinux_2_5_i686.manylinux1_i686.manylinux_2_17_i686.manylinux2014_i686.whl", hash = "sha256:6c1b2b93d25e9ec8475416ed18c27a0231f29dffe0b524d827276802534a3cde", size = 2325392, upload-time = "2023-05-23T05:48:09.826Z" },
    { url = "https://files.pythonhosted.org/packages/84/58/d1aff3b46ecb5ac4d6f1bf0fa029ccffc57c046f46f579c86f2a09b40377/PyOpenGL_accelerate-3.1.7-cp311-cp311-manylinux_2_5_x86_64.manylinux1_x86_64.manylinux_2_17_x86_64.manylinux2014_x86_64.whl", hash = "sha256:ed4efe15eedc79415ee192a9ca8bec04f19c7e313444ac50e50ea26c80606ce2", size = 2499207, upload-time = "2023-05-23T05:48:11.993Z" },
    { url = "https://files.pythonhosted.org/packages/cb/92/e58891603797f7b28551f682fc6e8a38c3ed7aaf546e8720c690f85e6f7e/PyOpenGL_accelerate-3.1.7-cp311-cp311-musllinux_1_1_i686.whl", hash = "sha256:e8b41f94a185c71d4c2658e9ee1a6f14e555e8b83bd4e18e6367d66da6a39242", size = 2331966, upload-time = "2023-05-23T05:48:13.616Z" },
    { url = "https://files.pythonhosted.org/packages/f0/bb/2e5d5305d338ab9aa077de9698258bb383e8d2e2995727e073c2fc67ddf0/PyOpenGL_accelerate-3.1.7-cp311-cp311-musllinux_1_1_x86_64.whl", hash = "sha256:71b8a862ab85e02b7f88d935045be25ebc4104c3676263f0b90a91a520b66bd5", size = 2467429, upload-time = "2023-05-23T05:48:15.519Z" },
    { url = "https://files.pythonhosted.org/packages/af/04/01ddea04df9a40cfac42323cc84b527594589bf5116bb3fed34e4e55fce1/PyOpenGL_accelerate-3.1.7-cp311-cp311-win32.whl", hash = "sha256:67b9f9d86ed5a928ebf93ace86dd8a4959388e04e89e115075575bbbe72c6546", size = 268879, upload-time = "2023-05-23T05:48:17.243Z" },
    { url = "https://files.pythonhosted.org/packages/c6/e3/e4c02ccbba4012e16ece90f0e1ccc8e2aa781edd95d6ab193e1d4a9dd63d/PyOpenGL_accelerate-3.1.7-cp311-cp311-win_amd64.whl", hash = "sha256:d3678b03e2cb41f87c84411313c441466497b7b829678ad5801944820f986cb7", size = 311914, upload-time = "2023-05-23T05:48:19.334Z" },
]

[[package]]
name = "pyqtgraph"
version = "0.13.7"
source = { registry = "https://pypi.org/simple" }
dependencies = [
    { name = "numpy" },
]
sdist = { url = "https://files.pythonhosted.org/packages/33/d9/b62d5cddb3caa6e5145664bee5ed90223dee23ca887ed3ee479f2609e40a/pyqtgraph-0.13.7.tar.gz", hash = "sha256:64f84f1935c6996d0e09b1ee66fe478a7771e3ca6f3aaa05f00f6e068321d9e3", size = 2343380, upload-time = "2024-04-29T02:18:58.467Z" }
wheels = [
    { url = "https://files.pythonhosted.org/packages/7b/34/5702b3b7cafe99be1d94b42f100e8cc5e6957b761fcb1cf5f72d492851da/pyqtgraph-0.13.7-py3-none-any.whl", hash = "sha256:7754edbefb6c367fa0dfb176e2d0610da3ada20aa7a5318516c74af5fb72bf7a", size = 1925473, upload-time = "2024-04-29T02:18:56.206Z" },
]

[[package]]
name = "pyserial"
version = "3.5"
source = { registry = "https://pypi.org/simple" }
sdist = { url = "https://files.pythonhosted.org/packages/1e/7d/ae3f0a63f41e4d2f6cb66a5b57197850f919f59e558159a4dd3a818f5082/pyserial-3.5.tar.gz", hash = "sha256:3c77e014170dfffbd816e6ffc205e9842efb10be9f58ec16d3e8675b4925cddb", size = 159125, upload-time = "2020-11-23T03:59:15.045Z" }
wheels = [
    { url = "https://files.pythonhosted.org/packages/07/bc/587a445451b253b285629263eb51c2d8e9bcea4fc97826266d186f96f558/pyserial-3.5-py2.py3-none-any.whl", hash = "sha256:c4451db6ba391ca6ca299fb3ec7bae67a5c55dde170964c7a14ceefec02f2cf0", size = 90585, upload-time = "2020-11-23T03:59:13.41Z" },
]

[[package]]
name = "pyside6"
version = "6.8.2.1"
source = { registry = "https://pypi.org/simple" }
dependencies = [
    { name = "pyside6-addons" },
    { name = "pyside6-essentials" },
    { name = "shiboken6" },
]
wheels = [
    { url = "https://files.pythonhosted.org/packages/14/0f/bdb12758448b52497dba7a3bbfb5855dfb29129c64ddbda4da56c4b11f6c/PySide6-6.8.2.1-cp39-abi3-macosx_12_0_universal2.whl", hash = "sha256:3fcb551729f235475b2abe7d919027de54a65d850e744f60716f890202273720", size = 550254, upload-time = "2025-02-06T13:56:07.585Z" },
    { url = "https://files.pythonhosted.org/packages/fa/00/0b232a25eeb8671202d7a7ec92893bd25b965debfd1d5d7aad637b067efe/PySide6-6.8.2.1-cp39-abi3-manylinux_2_28_x86_64.whl", hash = "sha256:23d2a1a77b25459a049c4276b4e0bbfb375b73d3921061b1a16bcfa64e1fe517", size = 550489, upload-time = "2025-02-06T13:56:09.913Z" },
    { url = "https://files.pythonhosted.org/packages/8b/8a/9eb78cf71233399236c257cf85770ca4673ed0b9b959895856285157f643/PySide6-6.8.2.1-cp39-abi3-manylinux_2_39_aarch64.whl", hash = "sha256:bfefa80a93db06dc64c0e7beef0377c9b8ca51e007cfc34575defe065af893b6", size = 550491, upload-time = "2025-02-06T13:56:12.51Z" },
    { url = "https://files.pythonhosted.org/packages/fb/3d/3e626e1953408cb8977a050ce54b1f1adff9a4c06bb519f6d56ebaf9310c/PySide6-6.8.2.1-cp39-abi3-win_amd64.whl", hash = "sha256:92361e41727910e3560ea5ba494fabecc76cd20892c9fcb2ced07619081c4e65", size = 556167, upload-time = "2025-02-06T13:56:15.394Z" },
]

[[package]]
name = "pyside6-addons"
version = "6.8.2.1"
source = { registry = "https://pypi.org/simple" }
dependencies = [
    { name = "pyside6-essentials" },
    { name = "shiboken6" },
]
wheels = [
    { url = "https://files.pythonhosted.org/packages/6e/79/a868ffac6eb446afdd25312b61872d0d11173032d50320d48b5277b68ccf/PySide6_Addons-6.8.2.1-cp39-abi3-macosx_12_0_universal2.whl", hash = "sha256:5558816018042fecd0d782111ced529585a23ea9a010b518f8495764f578a01f", size = 302704501, upload-time = "2025-02-06T13:50:40.242Z" },
    { url = "https://files.pythonhosted.org/packages/95/3a/93e0028805c50ceff8b8ae0f274d502805b8a864129b83d705ab12d48f78/PySide6_Addons-6.8.2.1-cp39-abi3-manylinux_2_28_x86_64.whl", hash = "sha256:f3d85e676851ada8238bc76ebfacbee738fc0b35b3bc15c9765dd107b8ee6ec4", size = 160641392, upload-time = "2025-02-06T13:51:32.153Z" },
    { url = "https://files.pythonhosted.org/packages/84/5c/e822e4ef6c2140b273cb0f8531d7e200c8771bd61832decc524fc318c335/PySide6_Addons-6.8.2.1-cp39-abi3-manylinux_2_39_aarch64.whl", hash = "sha256:d904179f16deeca4ba440b4ef78e8d54df2b994b46784ad9d53b741082f3b2a7", size = 156398179, upload-time = "2025-02-06T13:51:57.622Z" },
    { url = "https://files.pythonhosted.org/packages/0a/f8/98f85194f85a1fcff44ad98cd80cf6e856f7edee9e744fba81dec48b0ae9/PySide6_Addons-6.8.2.1-cp39-abi3-win_amd64.whl", hash = "sha256:c761cc45022aa79d8419e671e7fb34a4a3e5b3826f1e68fcb819bd6e3a387fbb", size = 127973648, upload-time = "2025-02-06T13:52:22.998Z" },
]

[[package]]
name = "pyside6-essentials"
version = "6.8.2.1"
source = { registry = "https://pypi.org/simple" }
dependencies = [
    { name = "shiboken6" },
]
wheels = [
    { url = "https://files.pythonhosted.org/packages/01/bb/0127a53530cec0f9e7268e2fe235322b7b6e592caeb36c558b64da6ec52c/PySide6_Essentials-6.8.2.1-cp39-abi3-macosx_12_0_universal2.whl", hash = "sha256:ae5cc48f7e9a08e73e3ec2387ce245c8150e620b8d5a87548ebd4b8e3aeae49b", size = 134909713, upload-time = "2025-02-06T13:53:07.533Z" },
    { url = "https://files.pythonhosted.org/packages/d2/f9/aa4ff511ff1f3dd177f7e8f5a635e03fe578fa2045c8d6be4577e7db3b28/PySide6_Essentials-6.8.2.1-cp39-abi3-manylinux_2_28_x86_64.whl", hash = "sha256:5ab31e5395a4724102edd6e8ff980fa3f7cde2aa79050763a1dcc30bb914195a", size = 95331575, upload-time = "2025-02-06T13:53:26.04Z" },
    { url = "https://files.pythonhosted.org/packages/fd/69/595002d860ee58431fe7add081d6f54fff94ae9680f2eb8cd355c1649bb6/PySide6_Essentials-6.8.2.1-cp39-abi3-manylinux_2_39_aarch64.whl", hash = "sha256:7aed46f91d44399b4c713cf7387f5fb6f0114413fbcdbde493a528fb8e19f6ed", size = 93200219, upload-time = "2025-02-06T13:53:41.404Z" },
    { url = "https://files.pythonhosted.org/packages/5b/54/28a8b03f327e2c1d27d4a1ccf1a44997afc73c00ad07125d889640367194/PySide6_Essentials-6.8.2.1-cp39-abi3-win_amd64.whl", hash = "sha256:18de224f09108998d194e60f2fb8a1e86367dd525dd8a6192598e80e6ada649e", size = 72502927, upload-time = "2025-02-06T13:53:53.124Z" },
]

[[package]]
name = "pyside6-qtads"
version = "4.3.1.4"
source = { registry = "https://pypi.org/simple" }
dependencies = [
    { name = "pyside6-essentials" },
    { name = "shiboken6" },
]
sdist = { url = "https://files.pythonhosted.org/packages/ed/40/6ee534ca0747aae07d75c3f9e24b9af122c45b31242068256f2053ac11d6/pyside6_qtads-4.3.1.4.tar.gz", hash = "sha256:0b2afa10c1578732e8045b33d192855a1bd260980154505790fc6ef43a29f2c4", size = 21553642, upload-time = "2025-02-12T23:03:49.549Z" }
wheels = [
    { url = "https://files.pythonhosted.org/packages/ee/c0/7a6e212ff85258598ce0be4e3edc427ec72a5b788e3e215fc2b6c4e584ba/PySide6_QtAds-4.3.1.4-cp39-abi3-macosx_11_0_arm64.whl", hash = "sha256:67bf6759950c41e273a723e616b44ca65cc72157472245287521ea4c7ebba485", size = 612931, upload-time = "2025-02-12T23:03:39.941Z" },
    { url = "https://files.pythonhosted.org/packages/ae/fc/d34fa052e609d1b72e0c5d95d02d978ea7e2f42bf14ca9625809fd7671f0/PySide6_QtAds-4.3.1.4-cp39-abi3-macosx_11_0_x86_64.whl", hash = "sha256:17916ffae001bae94f0eefcd8f4b8ea20257414c891a0f185e3e566753363d1a", size = 641707, upload-time = "2025-02-12T23:03:41.824Z" },
    { url = "https://files.pythonhosted.org/packages/f4/a7/d63814d36504aee8a67847055c1e1930ff6f153a17992ec7be3a7252bd76/PySide6_QtAds-4.3.1.4-cp39-abi3-manylinux_2_28_x86_64.whl", hash = "sha256:896bb43b9174d510b9f5029c58792bcfecdcd68900c28378906d4e04dcfe0053", size = 835546, upload-time = "2025-02-12T23:03:43.314Z" },
    { url = "https://files.pythonhosted.org/packages/fa/d4/3ace421546905695efdca4f72f08dc70c3a88507131aa7c8196657cdfe1d/PySide6_QtAds-4.3.1.4-cp39-abi3-manylinux_2_38_aarch64.whl", hash = "sha256:6001a995009911f539e74d6788d5693e6208a3cfef3f1def23eac0a82d685a12", size = 841115, upload-time = "2025-02-12T23:03:45.257Z" },
    { url = "https://files.pythonhosted.org/packages/e4/8b/83c5ff8d39e9e13712644e0465cf9929b96c906e6333c588c8fb14c4ac19/PySide6_QtAds-4.3.1.4-cp39-abi3-win_amd64.whl", hash = "sha256:bd7d82252265f6658bb22f3fe023ad58afefc63d68b5860f77a2288c27143a28", size = 476378, upload-time = "2025-02-12T23:03:46.417Z" },
]

[[package]]
name = "python-dotenv"
version = "1.0.1"
source = { registry = "https://pypi.org/simple" }
sdist = { url = "https://files.pythonhosted.org/packages/bc/57/e84d88dfe0aec03b7a2d4327012c1627ab5f03652216c63d49846d7a6c58/python-dotenv-1.0.1.tar.gz", hash = "sha256:e324ee90a023d808f1959c46bcbc04446a10ced277783dc6ee09987c37ec10ca", size = 39115, upload-time = "2024-01-23T06:33:00.505Z" }
wheels = [
    { url = "https://files.pythonhosted.org/packages/6a/3e/b68c118422ec867fa7ab88444e1274aa40681c606d59ac27de5a5588f082/python_dotenv-1.0.1-py3-none-any.whl", hash = "sha256:f7b63ef50f1b690dddf550d03497b66d609393b40b564ed0d674909a68ebf16a", size = 19863, upload-time = "2024-01-23T06:32:58.246Z" },
]

[[package]]
name = "pywin32-ctypes"
version = "0.2.3"
source = { registry = "https://pypi.org/simple" }
sdist = { url = "https://files.pythonhosted.org/packages/85/9f/01a1a99704853cb63f253eea009390c88e7131c67e66a0a02099a8c917cb/pywin32-ctypes-0.2.3.tar.gz", hash = "sha256:d162dc04946d704503b2edc4d55f3dba5c1d539ead017afa00142c38b9885755", size = 29471, upload-time = "2024-08-14T10:15:34.626Z" }
wheels = [
    { url = "https://files.pythonhosted.org/packages/de/3d/8161f7711c017e01ac9f008dfddd9410dff3674334c233bde66e7ba65bbf/pywin32_ctypes-0.2.3-py3-none-any.whl", hash = "sha256:8a1513379d709975552d202d942d9837758905c8d01eb82b8bcc30918929e7b8", size = 30756, upload-time = "2024-08-14T10:15:33.187Z" },
]

[[package]]
name = "requests"
version = "2.32.3"
source = { registry = "https://pypi.org/simple" }
dependencies = [
    { name = "certifi" },
    { name = "charset-normalizer" },
    { name = "idna" },
    { name = "urllib3" },
]
sdist = { url = "https://files.pythonhosted.org/packages/63/70/2bf7780ad2d390a8d301ad0b550f1581eadbd9a20f896afe06353c2a2913/requests-2.32.3.tar.gz", hash = "sha256:55365417734eb18255590a9ff9eb97e9e1da868d4ccd6402399eaf68af20a760", size = 131218, upload-time = "2024-05-29T15:37:49.536Z" }
wheels = [
    { url = "https://files.pythonhosted.org/packages/f9/9b/335f9764261e915ed497fcdeb11df5dfd6f7bf257d4a6a2a686d80da4d54/requests-2.32.3-py3-none-any.whl", hash = "sha256:70761cfe03c773ceb22aa2f671b4757976145175cdfca038c02654d061d6dcc6", size = 64928, upload-time = "2024-05-29T15:37:47.027Z" },
]

[[package]]
name = "setuptools"
version = "83.0.0"
source = { registry = "https://pypi.org/simple" }
sdist = { url = "https://files.pythonhosted.org/packages/34/26/f5d29e25ffdb535afef2d35cdb55b325298f96debd670da4c325e08d70f4/setuptools-83.0.0.tar.gz", hash = "sha256:025bccbbf0fa05b6192bc64ae1e7b16e001fd6d6d4d5de03c97b1c1ade523bef", size = 1154254, upload-time = "2026-07-04T15:31:22.699Z" }
wheels = [
    { url = "https://files.pythonhosted.org/packages/5d/40/e1e72872c6354b306daef1703549e8e83b4d43cfea356311bf722a043752/setuptools-83.0.0-py3-none-any.whl", hash = "sha256:29b23c360f22f414dc7336bb39178cc7bcbf6021ed2733cde173f09dba19abb3", size = 1008090, upload-time = "2026-07-04T15:31:20.885Z" },
]

[[package]]
name = "shiboken6"
version = "6.8.2.1"
source = { registry = "https://pypi.org/simple" }
wheels = [
    { url = "https://files.pythonhosted.org/packages/d8/8f/71ccc3642edb59efaca35d4ba974248b1d7847f5e4d87d3ea323e73b2cab/shiboken6-6.8.2.1-cp39-abi3-macosx_12_0_universal2.whl", hash = "sha256:d3dedeb3732ecfc920c9f97da769c0022a1c3bda99346a9eba56fbf093deaa75", size = 401266, upload-time = "2025-02-06T13:55:54.499Z" },
    { url = "https://files.pythonhosted.org/packages/7b/ff/ab4f287b9573e50b5a47c10e2af8feb5abecc3c7431bd5deec135efc969e/shiboken6-6.8.2.1-cp39-abi3-manylinux_2_28_x86_64.whl", hash = "sha256:c83e90056f13d0872cc4d2b7bf60b6d6e3b1b172f1f91910c0ba5b641af01758", size = 204273, upload-time = "2025-02-06T13:55:56.926Z" },
    { url = "https://files.pythonhosted.org/packages/a6/b0/4fb102eb5260ee06d379769f3c4f0b82ef397c15f1cbbbbb3f6dceb86d5d/shiboken6-6.8.2.1-cp39-abi3-manylinux_2_39_aarch64.whl", hash = "sha256:8592401423acc693f51dbbfae5e7493cc3ed6738be79daaf90afa07f4da5bb25", size = 200909, upload-time = "2025-02-06T13:55:58.317Z" },
    { url = "https://files.pythonhosted.org/packages/ae/88/b56bdb38a11066e4eecd1da6be4205bb406398b733b392b11c5aaf9547f7/shiboken6-6.8.2.1-cp39-abi3-win_amd64.whl", hash = "sha256:1b751d47b759762b7ca31bad278d52eca4105d3028880d93979261ebbfba810c", size = 1150270, upload-time = "2025-02-06T13:56:00.094Z" },
]

[[package]]
name = "thzdaq"
version = "0.1.0"
source = { virtual = "." }
dependencies = [
    { name = "altgraph" },
    { name = "alvar" },
    { name = "certifi" },
    { name = "charset-normalizer" },
    { name = "idna" },
    { name = "numpy" },
    { name = "packaging" },
    { name = "pefile" },
    { name = "pillow" },
    { name = "pyinstaller" },
    { name = "pyinstaller-hooks-contrib" },
    { name = "pymodbus" },
    { name = "pyopengl" },
    { name = "pyopengl-accelerate" },
    { name = "pyqtgraph" },
    { name = "pyserial" },
    { name = "pyside6" },
    { name = "pyside6-addons" },
    { name = "pyside6-essentials" },
    { name = "pyside6-qtads" },
    { name = "python-dotenv" },
    { name = "pywin32-ctypes" },
    { name = "requests" },
    { name = "shiboken6" },
    { name = "urllib3" },
]

[package.metadata]
requires-dist = [
    { name = "altgraph", specifier = "==0.17.4" },
    { name = "alvar", specifier = "==0.1.2" },
    { name = "certifi", specifier = "==2025.1.31" },
    { name = "charset-normalizer", specifier = "==3.4.1" },
    { name = "idna", specifier = "==3.10" },
    { name = "numpy", specifier = "==1.26.4" },
    { name = "packaging", specifier = "==24.2" },
    { name = "pefile", specifier = "==2023.2.7" },
    { name = "pillow", specifier = "==11.1.0" },
    { name = "pyinstaller", specifier = "==6.12.0" },
    { name = "pyinstaller-hooks-contrib", specifier = "==2025.1" },
    { name = "pymodbus", specifier = "==3.8.6" },
    { name = "pyopengl", specifier = "==3.1.7" },
    { name = "pyopengl-accelerate", specifier = "==3.1.7" },
    { name = "pyqtgraph", specifier = "==0.13.7" },
    { name = "pyserial", specifier = "==3.5" },
    { name = "pyside6", specifier = "==6.8.2.1" },
    { name = "pyside6-addons", specifier = "==6.8.2.1" },
    { name = "pyside6-essentials", specifier = "==6.8.2.1" },
    { name = "pyside6-qtads", specifier = "==4.3.1.4" },
    { name = "python-dotenv", specifier = "==1.0.1" },
    { name = "pywin32-ctypes", specifier = "==0.2.3" },
    { name = "requests", specifier = "==2.32.3" },
    { name = "shiboken6", specifier = "==6.8.2.1" },
    { name = "urllib3", specifier = "==2.3.0" },
]

[[package]]
name = "urllib3"
version = "2.3.0"
source = { registry = "https://pypi.org/simple" }
sdist = { url = "https://files.pythonhosted.org/packages/aa/63/e53da845320b757bf29ef6a9062f5c669fe997973f966045cb019c3f4b66/urllib3-2.3.0.tar.gz", hash = "sha256:f8c5449b3cf0861679ce7e0503c7b44b5ec981bec0d1d3795a07f1ba96f0204d", size = 307268, upload-time = "2024-12-22T07:47:30.032Z" }
wheels = [
    { url = "https://files.pythonhosted.org/packages/c8/19/4ec628951a74043532ca2cf5d97b7b14863931476d117c471e8e2b1eb39f/urllib3-2.3.0-py3-none-any.whl", hash = "sha256:1cee9ad369867bfdbbb48b7dd50374c0967a0bb7710050facf0dd6911440e3df", size = 128369, upload-time = "2024-12-22T07:47:28.074Z" },
]
